{
  "name": "my-chrome-eggjs",
  "version": "1.0.0",
  "lockfileVersion": 1,
  "requires": true,
  "dependencies": {
    "autod": {
      "version": "2.8.0",
      "resolved": "http://registry.npm.taobao.org/autod/download/autod-2.8.0.tgz",
      "integrity": "sha1-m3f97O8sU+ghZu+GutTrZl2eGhw=",
      "dev": true
    },
    "autod-egg": {
      "version": "1.0.0",
      "resolved": "http://registry.npm.taobao.org/autod-egg/download/autod-egg-1.0.0.tgz",
      "integrity": "sha1-r1DskbbbHn1Smrd8df9Bti71whs=",
      "dev": true
    },
    "chrome-remote-interface": {
      "version": "0.23.2",
      "resolved": "http://registry.npm.taobao.org/chrome-remote-interface/download/chrome-remote-interface-0.23.2.tgz",
      "integrity": "sha1-9ohLRPsgh8Ro/N/4OTWZ2iQqsHA=",
      "dependencies": {
        "commander": {
          "version": "2.1.0",
          "resolved": "http://registry.npm.taobao.org/commander/download/commander-2.1.0.tgz",
          "integrity": "sha1-0SG7roYNmZKj1Re6lvVliOR8Z4E="
        }
      }
    },
    "egg": {
      "version": "1.4.0",
      "resolved": "http://registry.npm.taobao.org/egg/download/egg-1.4.0.tgz",
      "integrity": "sha1-VQ571N0+/8ZiXyPnohC/niNqNGo="
    },
    "egg-bin": {
      "version": "3.6.0",
      "resolved": "http://registry.npm.taobao.org/egg-bin/download/egg-bin-3.6.0.tgz",
      "integrity": "sha1-is3vc0R1i/7Xj1BOZQYEWlkqjBQ=",
      "dev": true,
      "dependencies": {
        "glob": {
          "version": "7.1.1",
          "resolved": "http://registry.npm.taobao.org/glob/download/glob-7.1.1.tgz",
          "integrity": "sha1-gFIR3wT6rxxjo2ADBs31reULLsg="
        },
        "mocha": {
          "version": "3.4.2",
          "resolved": "http://registry.npm.taobao.org/mocha/download/mocha-3.4.2.tgz",
          "integrity": "sha1-0O9NMyEm2/GNDWQMmzgt1IvpdZQ=",
          "dependencies": {
            "debug": {
              "version": "2.6.0",
              "resolved": "http://registry.npm.taobao.org/debug/download/debug-2.6.0.tgz",
              "integrity": "sha1-vFlryr52F/Edn6FTYe3tVgi4SZs="
            }
          }
        },
        "ms": {
          "version": "0.7.2",
          "resolved": "http://registry.npm.taobao.org/ms/download/ms-0.7.2.tgz",
          "integrity": "sha1-riXPJRKziFodldfwN4aNhDESR2U="
        },
        "supports-color": {
          "version": "3.1.2",
          "resolved": "http://registry.npm.taobao.org/supports-color/download/supports-color-3.1.2.tgz",
          "integrity": "sha1-cqJiiU2dQIuVbKBf83su2KbiotU="
        }
      }
    },
    "egg-ci": {
      "version": "1.7.0",
      "resolved": "http://registry.npm.taobao.org/egg-ci/download/egg-ci-1.7.0.tgz",
      "integrity": "sha1-7mqgrPnsfpVvvL/SBkW2n+5RzeQ=",
      "dev": true
    },
    "egg-mock": {
      "version": "3.7.2",
      "resolved": "http://registry.npm.taobao.org/egg-mock/download/egg-mock-3.7.2.tgz",
      "integrity": "sha1-hr26aG5j2oHBEEghnrjcdk8Ed8M=",
      "dev": true
    },
    "eslint": {
      "version": "3.19.0",
      "resolved": "http://registry.npm.taobao.org/eslint/download/eslint-3.19.0.tgz",
      "integrity": "sha1-yPxiAcf0DdCJQbh8CFdnOGpnmsw=",
      "dev": true
    },
    "eslint-config-egg": {
      "version": "4.2.1",
      "resolved": "http://registry.npm.taobao.org/eslint-config-egg/download/eslint-config-egg-4.2.1.tgz",
      "integrity": "sha1-glIoBvUpklo8uif13bTjwLWWjcA=",
      "dev": true
    },
    "minimist": {
      "version": "1.2.2",
      "resolved": "https://registry.npmjs.org/minimist/-/minimist-1.2.2.tgz",
      "integrity": "sha512-rIqbOrKb8GJmx/5bc2M0QchhUouMXSpd1RTclXsB41JdL+VtnojfaJR+h7F9k18/4kHUsBFgk80Uk+q569vjPA=="
    },
    "webstorm-disable-index": {
      "version": "1.2.0",
      "resolved": "http://registry.npm.taobao.org/webstorm-disable-index/download/webstorm-disable-index-1.2.0.tgz",
      "integrity": "sha1-A9VavgWv80pq8St7/dyu4UXGS9A=",
      "dev": true
    }
  }
}
