{
  "name": "my-karma",
  "version": "1.0.0",
  "lockfileVersion": 1,
  "requires": true,
  "dependencies": {
    "fs-access": {
      "version": "1.0.1",
      "resolved": "http://registry.npm.taobao.org/fs-access/download/fs-access-1.0.1.tgz",
      "integrity": "sha1-1qh/JiJxzv6+wwxVNAf7mV2od3o=",
      "dev": true,
      "requires": {
        "null-check": "1.0.0"
      }
    },
    "isexe": {
      "version": "2.0.0",
      "resolved": "http://registry.npm.taobao.org/isexe/download/isexe-2.0.0.tgz",
      "integrity": "sha1-6PvzdNxVb/iUehDcsFctYz8s+hA=",
      "dev": true
    },
    "karma-chrome-launcher": {
      "version": "2.2.0",
      "resolved": "http://registry.npm.taobao.org/karma-chrome-launcher/download/karma-chrome-launcher-2.2.0.tgz",
      "integrity": "sha1-zxudBxNswY/iOTJ9JGVMPbw2is8=",
      "dev": true,
      "requires": {
        "fs-access": "1.0.1",
        "which": "1.3.0"
      }
    },
    "karma-requirejs": {
      "version": "1.1.0",
      "resolved": "http://registry.npm.taobao.org/karma-requirejs/download/karma-requirejs-1.1.0.tgz",
      "integrity": "sha1-/driy4fX68FvsCIok1ZNf+5Xh5g=",
      "dev": true
    },
    "null-check": {
      "version": "1.0.0",
      "resolved": "http://registry.npm.taobao.org/null-check/download/null-check-1.0.0.tgz",
      "integrity": "sha1-l33/1xdgErnsMNKjnbXPcqBDnt0=",
      "dev": true
    },
    "which": {
      "version": "1.3.0",
      "resolved": "http://registry.npm.taobao.org/which/download/which-1.3.0.tgz",
      "integrity": "sha1-/wS9/AEO5UfXgL7DjhrBwnd9JTo=",
      "dev": true,
      "requires": {
        "isexe": "2.0.0"
      }
    }
  }
}
