// !$*UTF8*$!
{
	archiveVersion = 1;
	classes = {
	};
	objectVersion = 46;
	objects = {

/* Begin PBXBuildFile section */
		545B9A8B1D7F0EF90040CC52 /* main.m in Sources */ = {isa = PBXBuildFile; fileRef = 545B9A8A1D7F0EF90040CC52 /* main.m */; };
		545B9A921D7F0F530040CC52 /* README.md in Sources */ = {isa = PBXBuildFile; fileRef = 545B9A911D7F0F530040CC52 /* README.md */; };
		545B9A961D7F25760040CC52 /* MyDog.m in Sources */ = {isa = PBXBuildFile; fileRef = 545B9A951D7F25760040CC52 /* MyDog.m */; };
/* End PBXBuildFile section */

/* Begin PBXCopyFilesBuildPhase section */
		545B9A851D7F0EF90040CC52 /* CopyFiles */ = {
			isa = PBXCopyFilesBuildPhase;
			buildActionMask = 2147483647;
			dstPath = /usr/share/man/man1/;
			dstSubfolderSpec = 0;
			files = (
			);
			runOnlyForDeploymentPostprocessing = 1;
		};
/* End PBXCopyFilesBuildPhase section */

/* Begin PBXFileReference section */
		545B9A871D7F0EF90040CC52 /* my-oc */ = {isa = PBXFileReference; explicitFileType = "compiled.mach-o.executable"; includeInIndex = 0; path = "my-oc"; sourceTree = BUILT_PRODUCTS_DIR; };
		545B9A8A1D7F0EF90040CC52 /* main.m */ = {isa = PBXFileReference; lastKnownFileType = sourcecode.c.objc; path = main.m; sourceTree = "<group>"; };
		545B9A911D7F0F530040CC52 /* README.md */ = {isa = PBXFileReference; fileEncoding = 4; lastKnownFileType = net.daringfireball.markdown; path = README.md; sourceTree = "<group>"; };
		545B9A941D7F25760040CC52 /* MyDog.h */ = {isa = PBXFileReference; fileEncoding = 4; lastKnownFileType = sourcecode.c.h; path = MyDog.h; sourceTree = "<group>"; };
		545B9A951D7F25760040CC52 /* MyDog.m */ = {isa = PBXFileReference; fileEncoding = 4; lastKnownFileType = sourcecode.c.objc; path = MyDog.m; sourceTree = "<group>"; };
/* End PBXFileReference section */

/* Begin PBXFrameworksBuildPhase section */
		545B9A841D7F0EF90040CC52 /* Frameworks */ = {
			isa = PBXFrameworksBuildPhase;
			buildActionMask = 2147483647;
			files = (
			);
			runOnlyForDeploymentPostprocessing = 0;
		};
/* End PBXFrameworksBuildPhase section */

/* Begin PBXGroup section */
		545B9A7E1D7F0EF90040CC52 = {
			isa = PBXGroup;
			children = (
				545B9A891D7F0EF90040CC52 /* my-oc */,
				545B9A881D7F0EF90040CC52 /* Products */,
			);
			sourceTree = "<group>";
		};
		545B9A881D7F0EF90040CC52 /* Products */ = {
			isa = PBXGroup;
			children = (
				545B9A871D7F0EF90040CC52 /* my-oc */,
			);
			name = Products;
			sourceTree = "<group>";
		};
		545B9A891D7F0EF90040CC52 /* my-oc */ = {
			isa = PBXGroup;
			children = (
				545B9A8A1D7F0EF90040CC52 /* main.m */,
				545B9A911D7F0F530040CC52 /* README.md */,
				545B9A941D7F25760040CC52 /* MyDog.h */,
				545B9A951D7F25760040CC52 /* MyDog.m */,
			);
			path = "my-oc";
			sourceTree = "<group>";
		};
/* End PBXGroup section */

/* Begin PBXNativeTarget section */
		545B9A861D7F0EF90040CC52 /* my-oc */ = {
			isa = PBXNativeTarget;
			buildConfigurationList = 545B9A8E1D7F0EF90040CC52 /* Build configuration list for PBXNativeTarget "my-oc" */;
			buildPhases = (
				545B9A831D7F0EF90040CC52 /* Sources */,
				545B9A841D7F0EF90040CC52 /* Frameworks */,
				545B9A851D7F0EF90040CC52 /* CopyFiles */,
			);
			buildRules = (
			);
			dependencies = (
			);
			name = "my-oc";
			productName = "my-oc";
			productReference = 545B9A871D7F0EF90040CC52 /* my-oc */;
			productType = "com.apple.product-type.tool";
		};
/* End PBXNativeTarget section */

/* Begin PBXProject section */
		545B9A7F1D7F0EF90040CC52 /* Project object */ = {
			isa = PBXProject;
			attributes = {
				LastUpgradeCheck = 0730;
				ORGANIZATIONNAME = "Liangliang Zhang";
				TargetAttributes = {
					545B9A861D7F0EF90040CC52 = {
						CreatedOnToolsVersion = 7.3.1;
					};
				};
			};
			buildConfigurationList = 545B9A821D7F0EF90040CC52 /* Build configuration list for PBXProject "my-oc" */;
			compatibilityVersion = "Xcode 3.2";
			developmentRegion = English;
			hasScannedForEncodings = 0;
			knownRegions = (
				en,
			);
			mainGroup = 545B9A7E1D7F0EF90040CC52;
			productRefGroup = 545B9A881D7F0EF90040CC52 /* Products */;
			projectDirPath = "";
			projectRoot = "";
			targets = (
				545B9A861D7F0EF90040CC52 /* my-oc */,
			);
		};
/* End PBXProject section */

/* Begin PBXSourcesBuildPhase section */
		545B9A831D7F0EF90040CC52 /* Sources */ = {
			isa = PBXSourcesBuildPhase;
			buildActionMask = 2147483647;
			files = (
				545B9A961D7F25760040CC52 /* MyDog.m in Sources */,
				545B9A921D7F0F530040CC52 /* README.md in Sources */,
				545B9A8B1D7F0EF90040CC52 /* main.m in Sources */,
			);
			runOnlyForDeploymentPostprocessing = 0;
		};
/* End PBXSourcesBuildPhase section */

/* Begin XCBuildConfiguration section */
		545B9A8C1D7F0EF90040CC52 /* Debug */ = {
			isa = XCBuildConfiguration;
			buildSettings = {
				ALWAYS_SEARCH_USER_PATHS = NO;
				CLANG_ANALYZER_NONNULL = YES;
				CLANG_CXX_LANGUAGE_STANDARD = "gnu++0x";
				CLANG_CXX_LIBRARY = "libc++";
				CLANG_ENABLE_MODULES = YES;
				CLANG_ENABLE_OBJC_ARC = YES;
				CLANG_WARN_BOOL_CONVERSION = YES;
				CLANG_WARN_CONSTANT_CONVERSION = YES;
				CLANG_WARN_DIRECT_OBJC_ISA_USAGE = YES_ERROR;
				CLANG_WARN_EMPTY_BODY = YES;
				CLANG_WARN_ENUM_CONVERSION = YES;
				CLANG_WARN_INT_CONVERSION = YES;
				CLANG_WARN_OBJC_ROOT_CLASS = YES_ERROR;
				CLANG_WARN_UNREACHABLE_CODE = YES;
				CLANG_WARN__DUPLICATE_METHOD_MATCH = YES;
				CODE_SIGN_IDENTITY = "-";
				COPY_PHASE_STRIP = NO;
				DEBUG_INFORMATION_FORMAT = dwarf;
				ENABLE_STRICT_OBJC_MSGSEND = YES;
				ENABLE_TESTABILITY = YES;
				GCC_C_LANGUAGE_STANDARD = gnu99;
				GCC_DYNAMIC_NO_PIC = NO;
				GCC_NO_COMMON_BLOCKS = YES;
				GCC_OPTIMIZATION_LEVEL = 0;
				GCC_PREPROCESSOR_DEFINITIONS = (
					"DEBUG=1",
					"$(inherited)",
				);
				GCC_WARN_64_TO_32_BIT_CONVERSION = YES;
				GCC_WARN_ABOUT_RETURN_TYPE = YES_ERROR;
				GCC_WARN_UNDECLARED_SELECTOR = YES;
				GCC_WARN_UNINITIALIZED_AUTOS = YES_AGGRESSIVE;
				GCC_WARN_UNUSED_FUNCTION = YES;
				GCC_WARN_UNUSED_VARIABLE = YES;
				MACOSX_DEPLOYMENT_TARGET = 10.11;
				MTL_ENABLE_DEBUG_INFO = YES;
				ONLY_ACTIVE_ARCH = YES;
				SDKROOT = macosx;
			};
			name = Debug;
		};
		545B9A8D1D7F0EF90040CC52 /* Release */ = {
			isa = XCBuildConfiguration;
			buildSettings = {
				ALWAYS_SEARCH_USER_PATHS = NO;
				CLANG_ANALYZER_NONNULL = YES;
				CLANG_CXX_LANGUAGE_STANDARD = "gnu++0x";
				CLANG_CXX_LIBRARY = "libc++";
				CLANG_ENABLE_MODULES = YES;
				CLANG_ENABLE_OBJC_ARC = YES;
				CLANG_WARN_BOOL_CONVERSION = YES;
				CLANG_WARN_CONSTANT_CONVERSION = YES;
				CLANG_WARN_DIRECT_OBJC_ISA_USAGE = YES_ERROR;
				CLANG_WARN_EMPTY_BODY = YES;
				CLANG_WARN_ENUM_CONVERSION = YES;
				CLANG_WARN_INT_CONVERSION = YES;
				CLANG_WARN_OBJC_ROOT_CLASS = YES_ERROR;
				CLANG_WARN_UNREACHABLE_CODE = YES;
				CLANG_WARN__DUPLICATE_METHOD_MATCH = YES;
				CODE_SIGN_IDENTITY = "-";
				COPY_PHASE_STRIP = NO;
				DEBUG_INFORMATION_FORMAT = "dwarf-with-dsym";
				ENABLE_NS_ASSERTIONS = NO;
				ENABLE_STRICT_OBJC_MSGSEND = YES;
				GCC_C_LANGUAGE_STANDARD = gnu99;
				GCC_NO_COMMON_BLOCKS = YES;
				GCC_WARN_64_TO_32_BIT_CONVERSION = YES;
				GCC_WARN_ABOUT_RETURN_TYPE = YES_ERROR;
				GCC_WARN_UNDECLARED_SELECTOR = YES;
				GCC_WARN_UNINITIALIZED_AUTOS = YES_AGGRESSIVE;
				GCC_WARN_UNUSED_FUNCTION = YES;
				GCC_WARN_UNUSED_VARIABLE = YES;
				MACOSX_DEPLOYMENT_TARGET = 10.11;
				MTL_ENABLE_DEBUG_INFO = NO;
				SDKROOT = macosx;
			};
			name = Release;
		};
		545B9A8F1D7F0EF90040CC52 /* Debug */ = {
			isa = XCBuildConfiguration;
			buildSettings = {
				PRODUCT_NAME = "$(TARGET_NAME)";
			};
			name = Debug;
		};
		545B9A901D7F0EF90040CC52 /* Release */ = {
			isa = XCBuildConfiguration;
			buildSettings = {
				PRODUCT_NAME = "$(TARGET_NAME)";
			};
			name = Release;
		};
/* End XCBuildConfiguration section */

/* Begin XCConfigurationList section */
		545B9A821D7F0EF90040CC52 /* Build configuration list for PBXProject "my-oc" */ = {
			isa = XCConfigurationList;
			buildConfigurations = (
				545B9A8C1D7F0EF90040CC52 /* Debug */,
				545B9A8D1D7F0EF90040CC52 /* Release */,
			);
			defaultConfigurationIsVisible = 0;
			defaultConfigurationName = Release;
		};
		545B9A8E1D7F0EF90040CC52 /* Build configuration list for PBXNativeTarget "my-oc" */ = {
			isa = XCConfigurationList;
			buildConfigurations = (
				545B9A8F1D7F0EF90040CC52 /* Debug */,
				545B9A901D7F0EF90040CC52 /* Release */,
			);
			defaultConfigurationIsVisible = 0;
		};
/* End XCConfigurationList section */
	};
	rootObject = 545B9A7F1D7F0EF90040CC52 /* Project object */;
}
